
Microsoft Visual Studio Solution File, Format Version 12.00
# Visual Studio Version 18
VisualStudioVersion = 18.1.11304.174 d18.0
MinimumVisualStudioVersion = 10.0.40219.1
Project("{2150E333-8FDC-42A3-9474-1A3956D46DE8}") = "OpenBooks.API", "OpenBooks.API", "{DFF25B54-8655-2129-F2E1-1BB4D1A66C86}"
EndProject
Project("{FAE04EC0-301F-11D3-BF4B-00C04F79EFBC}") = "OpenBooks.Api", "OpenBooks.API\OpenBooks.Api.csproj", "{500D89B3-E6F9-46B9-8907-30B35DE2FADE}"
EndProject
Project("{FAE04EC0-301F-11D3-BF4B-00C04F79EFBC}") = "OpenBooks.Application", "OpenBooks.Application\OpenBooks.Application.csproj", "{F08EABC6-5D1B-4E25-B48F-692808BE901F}"
EndProject
Project("{FAE04EC0-301F-11D3-BF4B-00C04F79EFBC}") = "OpenBooks.Domain", "OpenBooks.Domain\OpenBooks.Domain.csproj", "{401CCA4D-4805-4F1F-ACE2-8F68600D117D}"
EndProject
Project("{FAE04EC0-301F-11D3-BF4B-00C04F79EFBC}") = "OpenBooks.Infrastructure", "OpenBooks.Infrastructure\OpenBooks.Infrastructure.csproj", "{EE52E999-5079-42DD-8178-A3F056664D50}"
EndProject
Global
	GlobalSection(SolutionConfigurationPlatforms) = preSolution
		Debug|Any CPU = Debug|Any CPU
		Debug|x64 = Debug|x64
		Debug|x86 = Debug|x86
		Release|Any CPU = Release|Any CPU
		Release|x64 = Release|x64
		Release|x86 = Release|x86
	EndGlobalSection
	GlobalSection(ProjectConfigurationPlatforms) = postSolution
		{500D89B3-E6F9-46B9-8907-30B35DE2FADE}.Debug|Any CPU.ActiveCfg = Debug|Any CPU
		{500D89B3-E6F9-46B9-8907-30B35DE2FADE}.Debug|Any CPU.Build.0 = Debug|Any CPU
		{500D89B3-E6F9-46B9-8907-30B35DE2FADE}.Debug|x64.ActiveCfg = Debug|Any CPU
		{500D89B3-E6F9-46B9-8907-30B35DE2FADE}.Debug|x64.Build.0 = Debug|Any CPU
		{500D89B3-E6F9-46B9-8907-30B35DE2FADE}.Debug|x86.ActiveCfg = Debug|Any CPU
		{500D89B3-E6F9-46B9-8907-30B35DE2FADE}.Debug|x86.Build.0 = Debug|Any CPU
		{500D89B3-E6F9-46B9-8907-30B35DE2FADE}.Release|Any CPU.ActiveCfg = Release|Any CPU
		{500D89B3-E6F9-46B9-8907-30B35DE2FADE}.Release|Any CPU.Build.0 = Release|Any CPU
		{500D89B3-E6F9-46B9-8907-30B35DE2FADE}.Release|x64.ActiveCfg = Release|Any CPU
		{500D89B3-E6F9-46B9-8907-30B35DE2FADE}.Release|x64.Build.0 = Release|Any CPU
		{500D89B3-E6F9-46B9-8907-30B35DE2FADE}.Release|x86.ActiveCfg = Release|Any CPU
		{500D89B3-E6F9-46B9-8907-30B35DE2FADE}.Release|x86.Build.0 = Release|Any CPU
		{F08EABC6-5D1B-4E25-B48F-692808BE901F}.Debug|Any CPU.ActiveCfg = Debug|Any CPU
		{F08EABC6-5D1B-4E25-B48F-692808BE901F}.Debug|Any CPU.Build.0 = Debug|Any CPU
		{F08EABC6-5D1B-4E25-B48F-692808BE901F}.Debug|x64.ActiveCfg = Debug|Any CPU
		{F08EABC6-5D1B-4E25-B48F-692808BE901F}.Debug|x64.Build.0 = Debug|Any CPU
		{F08EABC6-5D1B-4E25-B48F-692808BE901F}.Debug|x86.ActiveCfg = Debug|Any CPU
		{F08EABC6-5D1B-4E25-B48F-692808BE901F}.Debug|x86.Build.0 = Debug|Any CPU
		{F08EABC6-5D1B-4E25-B48F-692808BE901F}.Release|Any CPU.ActiveCfg = Release|Any CPU
		{F08EABC6-5D1B-4E25-B48F-692808BE901F}.Release|Any CPU.Build.0 = Release|Any CPU
		{F08EABC6-5D1B-4E25-B48F-692808BE901F}.Release|x64.ActiveCfg = Release|Any CPU
		{F08EABC6-5D1B-4E25-B48F-692808BE901F}.Release|x64.Build.0 = Release|Any CPU
		{F08EABC6-5D1B-4E25-B48F-692808BE901F}.Release|x86.ActiveCfg = Release|Any CPU
		{F08EABC6-5D1B-4E25-B48F-692808BE901F}.Release|x86.Build.0 = Release|Any CPU
		{401CCA4D-4805-4F1F-ACE2-8F68600D117D}.Debug|Any CPU.ActiveCfg = Debug|Any CPU
		{401CCA4D-4805-4F1F-ACE2-8F68600D117D}.Debug|Any CPU.Build.0 = Debug|Any CPU
		{401CCA4D-4805-4F1F-ACE2-8F68600D117D}.Debug|x64.ActiveCfg = Debug|Any CPU
		{401CCA4D-4805-4F1F-ACE2-8F68600D117D}.Debug|x64.Build.0 = Debug|Any CPU
		{401CCA4D-4805-4F1F-ACE2-8F68600D117D}.Debug|x86.ActiveCfg = Debug|Any CPU
		{401CCA4D-4805-4F1F-ACE2-8F68600D117D}.Debug|x86.Build.0 = Debug|Any CPU
		{401CCA4D-4805-4F1F-ACE2-8F68600D117D}.Release|Any CPU.ActiveCfg = Release|Any CPU
		{401CCA4D-4805-4F1F-ACE2-8F68600D117D}.Release|Any CPU.Build.0 = Release|Any CPU
		{401CCA4D-4805-4F1F-ACE2-8F68600D117D}.Release|x64.ActiveCfg = Release|Any CPU
		{401CCA4D-4805-4F1F-ACE2-8F68600D117D}.Release|x64.Build.0 = Release|Any CPU
		{401CCA4D-4805-4F1F-ACE2-8F68600D117D}.Release|x86.ActiveCfg = Release|Any CPU
		{401CCA4D-4805-4F1F-ACE2-8F68600D117D}.Release|x86.Build.0 = Release|Any CPU
		{EE52E999-5079-42DD-8178-A3F056664D50}.Debug|Any CPU.ActiveCfg = Debug|Any CPU
		{EE52E999-5079-42DD-8178-A3F056664D50}.Debug|Any CPU.Build.0 = Debug|Any CPU
		{EE52E999-5079-42DD-8178-A3F056664D50}.Debug|x64.ActiveCfg = Debug|Any CPU
		{EE52E999-5079-42DD-8178-A3F056664D50}.Debug|x64.Build.0 = Debug|Any CPU
		{EE52E999-5079-42DD-8178-A3F056664D50}.Debug|x86.ActiveCfg = Debug|Any CPU
		{EE52E999-5079-42DD-8178-A3F056664D50}.Debug|x86.Build.0 = Debug|Any CPU
		{EE52E999-5079-42DD-8178-A3F056664D50}.Release|Any CPU.ActiveCfg = Release|Any CPU
		{EE52E999-5079-42DD-8178-A3F056664D50}.Release|Any CPU.Build.0 = Release|Any CPU
		{EE52E999-5079-42DD-8178-A3F056664D50}.Release|x64.ActiveCfg = Release|Any CPU
		{EE52E999-5079-42DD-8178-A3F056664D50}.Release|x64.Build.0 = Release|Any CPU
		{EE52E999-5079-42DD-8178-A3F056664D50}.Release|x86.ActiveCfg = Release|Any CPU
		{EE52E999-5079-42DD-8178-A3F056664D50}.Release|x86.Build.0 = Release|Any CPU
	EndGlobalSection
	GlobalSection(SolutionProperties) = preSolution
		HideSolutionNode = FALSE
	EndGlobalSection
	GlobalSection(NestedProjects) = preSolution
		{500D89B3-E6F9-46B9-8907-30B35DE2FADE} = {DFF25B54-8655-2129-F2E1-1BB4D1A66C86}
	EndGlobalSection
	GlobalSection(ExtensibilityGlobals) = postSolution
		SolutionGuid = {0F282738-6C54-4DC7-AD89-9C01531B7881}
	EndGlobalSection
EndGlobal
